
Microsoft Visual Studio Solution File, Format Version 12.00
# Visual Studio 2012
Project("{FAE04EC0-301F-11D3-BF4B-00C04F79EFBC}") = "Windows1251ToUTF8Converter", "Windows1251ToUTF8Converter\Windows1251ToUTF8Converter.csproj", "{ECB45469-93A2-4592-B59A-AD25FE6257CA}"
EndProject
Global
	GlobalSection(SolutionConfigurationPlatforms) = preSolution
		Debug|Any CPU = Debug|Any CPU
		Release|Any CPU = Release|Any CPU
	EndGlobalSection
	GlobalSection(ProjectConfigurationPlatforms) = postSolution
		{ECB45469-93A2-4592-B59A-AD25FE6257CA}.Debug|Any CPU.ActiveCfg = Debug|Any CPU
		{ECB45469-93A2-4592-B59A-AD25FE6257CA}.Debug|Any CPU.Build.0 = Debug|Any CPU
		{ECB45469-93A2-4592-B59A-AD25FE6257CA}.Release|Any CPU.ActiveCfg = Release|Any CPU
		{ECB45469-93A2-4592-B59A-AD25FE6257CA}.Release|Any CPU.Build.0 = Release|Any CPU
	EndGlobalSection
	GlobalSection(SolutionProperties) = preSolution
		HideSolutionNode = FALSE
	EndGlobalSection
EndGlobal
