
Microsoft Visual Studio Solution File, Format Version 12.00
# Visual Studio 2012
Project("{FAE04EC0-301F-11D3-BF4B-00C04F79EFBC}") = "BinaryRepresentationOfText", "BinaryRepresentationOfText\BinaryRepresentationOfText.csproj", "{4F895395-8161-432B-A3EB-D999A755757E}"
EndProject
Global
	GlobalSection(SolutionConfigurationPlatforms) = preSolution
		Debug|Any CPU = Debug|Any CPU
		Release|Any CPU = Release|Any CPU
	EndGlobalSection
	GlobalSection(ProjectConfigurationPlatforms) = postSolution
		{4F895395-8161-432B-A3EB-D999A755757E}.Debug|Any CPU.ActiveCfg = Debug|Any CPU
		{4F895395-8161-432B-A3EB-D999A755757E}.Debug|Any CPU.Build.0 = Debug|Any CPU
		{4F895395-8161-432B-A3EB-D999A755757E}.Release|Any CPU.ActiveCfg = Release|Any CPU
		{4F895395-8161-432B-A3EB-D999A755757E}.Release|Any CPU.Build.0 = Release|Any CPU
	EndGlobalSection
	GlobalSection(SolutionProperties) = preSolution
		HideSolutionNode = FALSE
	EndGlobalSection
EndGlobal
